
Microsoft Visual Studio Solution File, Format Version 12.00
# Visual Studio Version 16
VisualStudioVersion = 16.0.29709.97
MinimumVisualStudioVersion = 10.0.40219.1
Project("{FAE04EC0-301F-11D3-BF4B-00C04F79EFBC}") = "6", "6\6.csproj", "{EC796538-5C24-4B92-A55D-E92F2E1301CC}"
EndProject
Global
	GlobalSection(SolutionConfigurationPlatforms) = preSolution
		Debug|Any CPU = Debug|Any CPU
		Release|Any CPU = Release|Any CPU
	EndGlobalSection
	GlobalSection(ProjectConfigurationPlatforms) = postSolution
		{EC796538-5C24-4B92-A55D-E92F2E1301CC}.Debug|Any CPU.ActiveCfg = Debug|Any CPU
		{EC796538-5C24-4B92-A55D-E92F2E1301CC}.Debug|Any CPU.Build.0 = Debug|Any CPU
		{EC796538-5C24-4B92-A55D-E92F2E1301CC}.Release|Any CPU.ActiveCfg = Release|Any CPU
		{EC796538-5C24-4B92-A55D-E92F2E1301CC}.Release|Any CPU.Build.0 = Release|Any CPU
	EndGlobalSection
	GlobalSection(SolutionProperties) = preSolution
		HideSolutionNode = FALSE
	EndGlobalSection
	GlobalSection(ExtensibilityGlobals) = postSolution
		SolutionGuid = {351A1E7A-5201-4468-A7D3-5C705FE546E4}
	EndGlobalSection
EndGlobal
